
Microsoft Visual Studio Solution File, Format Version 12.00
# Visual Studio Version 17
VisualStudioVersion = 17.12.35707.178 d17.12
MinimumVisualStudioVersion = 10.0.40219.1
Project("{FAE04EC0-301F-11D3-BF4B-00C04F79EFBC}") = "E-Book site", "E-Book site.csproj", "{A9043029-A8AC-48F1-B5C2-E2160739F89D}"
EndProject
Global
	GlobalSection(SolutionConfigurationPlatforms) = preSolution
		Debug|Any CPU = Debug|Any CPU
		Release|Any CPU = Release|Any CPU
	EndGlobalSection
	GlobalSection(ProjectConfigurationPlatforms) = postSolution
		{A9043029-A8AC-48F1-B5C2-E2160739F89D}.Debug|Any CPU.ActiveCfg = Debug|Any CPU
		{A9043029-A8AC-48F1-B5C2-E2160739F89D}.Debug|Any CPU.Build.0 = Debug|Any CPU
		{A9043029-A8AC-48F1-B5C2-E2160739F89D}.Release|Any CPU.ActiveCfg = Release|Any CPU
		{A9043029-A8AC-48F1-B5C2-E2160739F89D}.Release|Any CPU.Build.0 = Release|Any CPU
	EndGlobalSection
	GlobalSection(SolutionProperties) = preSolution
		HideSolutionNode = FALSE
	EndGlobalSection
EndGlobal
